{
  "name": "tcp",
  "lockfileVersion": 2,
  "requires": true,
  "packages": {
    "": {
      "dependencies": {
        "bootstrap": "^5.0.0-beta2",
        "flatpickr": "^4.6.9",
        "jquery": "^3.5.1",
        "progressbar.js": "^1.1.0"
      }
    },
    "node_modules/@popperjs/core": {
      "version": "2.7.0",
      "resolved": "https://registry.npmjs.org/@popperjs/core/-/core-2.7.0.tgz",
      "integrity": "sha512-V3WyEc8ZyAuOQ2fpFuTuYYOd2tV4NePeSdxaHYgYAOs7ERLxlcFi2XsmgI5LJFdAUmJKXsg8jaIiVTkTHQygQw==",
      "peer": true,
      "funding": {
        "type": "opencollective",
        "url": "https://opencollective.com/popperjs"
      }
    },
    "node_modules/bootstrap": {
      "version": "5.0.0-beta2",
      "resolved": "https://registry.npmjs.org/bootstrap/-/bootstrap-5.0.0-beta2.tgz",
      "integrity": "sha512-e+uPbPHqTQWKyCX435uVlOmgH9tUt0xtjvyOC7knhKgOS643BrQKuTo+KecGpPV7qlmOyZgCfaM4xxPWtDEN/g==",
      "funding": {
        "type": "opencollective",
        "url": "https://opencollective.com/bootstrap"
      },
      "peerDependencies": {
        "@popperjs/core": "^2.6.0"
      }
    },
    "node_modules/flatpickr": {
      "version": "4.6.9",
      "resolved": "https://registry.npmjs.org/flatpickr/-/flatpickr-4.6.9.tgz",
      "integrity": "sha512-F0azNNi8foVWKSF+8X+ZJzz8r9sE1G4hl06RyceIaLvyltKvDl6vqk9Lm/6AUUCi5HWaIjiUbk7UpeE/fOXOpw=="
    },
    "node_modules/jquery": {
      "version": "3.5.1",
      "resolved": "https://registry.npmjs.org/jquery/-/jquery-3.5.1.tgz",
      "integrity": "sha512-XwIBPqcMn57FxfT+Go5pzySnm4KWkT1Tv7gjrpT1srtf8Weynl6R273VJ5GjkRb51IzMp5nbaPjJXMWeju2MKg=="
    },
    "node_modules/progressbar.js": {
      "version": "1.1.0",
      "resolved": "https://registry.npmjs.org/progressbar.js/-/progressbar.js-1.1.0.tgz",
      "integrity": "sha512-K68/xcyXKo2I6T3PfIkXrRaycxROmWeU4bugb49iulWR25cU94PM0cfZ47S0jDhG5K3vPhZwCOy1fgb5Pgh6UQ==",
      "dependencies": {
        "shifty": "^2.1.2"
      }
    },
    "node_modules/shifty": {
      "version": "2.15.2",
      "resolved": "https://registry.npmjs.org/shifty/-/shifty-2.15.2.tgz",
      "integrity": "sha512-uaDIdYXrOGncvPula4Pi2jl7kv46IwvZ10AYBSGsl/vrvclOXqzMWOAQCgDjNR7LVPgQki0CTtOMJOH9gnJgsg=="
    }
  },
  "dependencies": {
    "@popperjs/core": {
      "version": "2.7.0",
      "resolved": "https://registry.npmjs.org/@popperjs/core/-/core-2.7.0.tgz",
      "integrity": "sha512-V3WyEc8ZyAuOQ2fpFuTuYYOd2tV4NePeSdxaHYgYAOs7ERLxlcFi2XsmgI5LJFdAUmJKXsg8jaIiVTkTHQygQw==",
      "peer": true
    },
    "bootstrap": {
      "version": "5.0.0-beta2",
      "resolved": "https://registry.npmjs.org/bootstrap/-/bootstrap-5.0.0-beta2.tgz",
      "integrity": "sha512-e+uPbPHqTQWKyCX435uVlOmgH9tUt0xtjvyOC7knhKgOS643BrQKuTo+KecGpPV7qlmOyZgCfaM4xxPWtDEN/g==",
      "requires": {}
    },
    "flatpickr": {
      "version": "4.6.9",
      "resolved": "https://registry.npmjs.org/flatpickr/-/flatpickr-4.6.9.tgz",
      "integrity": "sha512-F0azNNi8foVWKSF+8X+ZJzz8r9sE1G4hl06RyceIaLvyltKvDl6vqk9Lm/6AUUCi5HWaIjiUbk7UpeE/fOXOpw=="
    },
    "jquery": {
      "version": "3.5.1",
      "resolved": "https://registry.npmjs.org/jquery/-/jquery-3.5.1.tgz",
      "integrity": "sha512-XwIBPqcMn57FxfT+Go5pzySnm4KWkT1Tv7gjrpT1srtf8Weynl6R273VJ5GjkRb51IzMp5nbaPjJXMWeju2MKg=="
    },
    "progressbar.js": {
      "version": "1.1.0",
      "resolved": "https://registry.npmjs.org/progressbar.js/-/progressbar.js-1.1.0.tgz",
      "integrity": "sha512-K68/xcyXKo2I6T3PfIkXrRaycxROmWeU4bugb49iulWR25cU94PM0cfZ47S0jDhG5K3vPhZwCOy1fgb5Pgh6UQ==",
      "requires": {
        "shifty": "^2.1.2"
      }
    },
    "shifty": {
      "version": "2.15.2",
      "resolved": "https://registry.npmjs.org/shifty/-/shifty-2.15.2.tgz",
      "integrity": "sha512-uaDIdYXrOGncvPula4Pi2jl7kv46IwvZ10AYBSGsl/vrvclOXqzMWOAQCgDjNR7LVPgQki0CTtOMJOH9gnJgsg=="
    }
  }
}
